
Microsoft Visual Studio Solution File, Format Version 12.00
# Visual Studio Version 17
VisualStudioVersion = 17.1.32210.238
MinimumVisualStudioVersion = 10.0.40219.1
Project("{FAE04EC0-301F-11D3-BF4B-00C04F79EFBC}") = "Replace Me", "Replace Me\Replace Me.csproj", "{ED81F1F0-3918-41A5-A7C5-74B96B3D3BD4}"
EndProject
Global
	GlobalSection(SolutionConfigurationPlatforms) = preSolution
		Debug|Any CPU = Debug|Any CPU
		Release|Any CPU = Release|Any CPU
	EndGlobalSection
	GlobalSection(ProjectConfigurationPlatforms) = postSolution
		{ED81F1F0-3918-41A5-A7C5-74B96B3D3BD4}.Debug|Any CPU.ActiveCfg = Debug|Any CPU
		{ED81F1F0-3918-41A5-A7C5-74B96B3D3BD4}.Debug|Any CPU.Build.0 = Debug|Any CPU
		{ED81F1F0-3918-41A5-A7C5-74B96B3D3BD4}.Release|Any CPU.ActiveCfg = Release|Any CPU
		{ED81F1F0-3918-41A5-A7C5-74B96B3D3BD4}.Release|Any CPU.Build.0 = Release|Any CPU
	EndGlobalSection
	GlobalSection(SolutionProperties) = preSolution
		HideSolutionNode = FALSE
	EndGlobalSection
	GlobalSection(ExtensibilityGlobals) = postSolution
		SolutionGuid = {E195050B-9B0C-4323-AEE7-EF7DF719A876}
	EndGlobalSection
EndGlobal
