
Microsoft Visual Studio Solution File, Format Version 12.00
# Visual Studio Version 17
VisualStudioVersion = 17.1.32210.238
MinimumVisualStudioVersion = 10.0.40219.1
Project("{FAE04EC0-301F-11D3-BF4B-00C04F79EFBC}") = "HTML and CSS resource", "HTML and CSS resource\HTML and CSS resource.csproj", "{F99D61B8-C993-4A29-B2DD-B300380C5081}"
EndProject
Global
	GlobalSection(SolutionConfigurationPlatforms) = preSolution
		Debug|Any CPU = Debug|Any CPU
		Release|Any CPU = Release|Any CPU
	EndGlobalSection
	GlobalSection(ProjectConfigurationPlatforms) = postSolution
		{F99D61B8-C993-4A29-B2DD-B300380C5081}.Debug|Any CPU.ActiveCfg = Debug|Any CPU
		{F99D61B8-C993-4A29-B2DD-B300380C5081}.Debug|Any CPU.Build.0 = Debug|Any CPU
		{F99D61B8-C993-4A29-B2DD-B300380C5081}.Release|Any CPU.ActiveCfg = Release|Any CPU
		{F99D61B8-C993-4A29-B2DD-B300380C5081}.Release|Any CPU.Build.0 = Release|Any CPU
	EndGlobalSection
	GlobalSection(SolutionProperties) = preSolution
		HideSolutionNode = FALSE
	EndGlobalSection
	GlobalSection(ExtensibilityGlobals) = postSolution
		SolutionGuid = {BCD38FE9-E903-40D2-B889-1B72029E65E6}
	EndGlobalSection
EndGlobal
